version = 1
revision = 1
requires-python = ">=3.12"

[options]
prerelease-mode = "allow"

[[package]]
name = "attrs"
version = "25.3.0"
source = { registry = "https://pypi.org/simple" }
sdist = { url = "https://files.pythonhosted.org/packages/5a/b0/1367933a8532ee6ff8d63537de4f1177af4bff9f3e829baf7331f595bb24/attrs-25.3.0.tar.gz", hash = "sha256:75d7cefc7fb576747b2c81b4442d4d4a1ce0900973527c011d1030fd3bf4af1b", size = 812032 }
wheels = [
    { url = "https://files.pythonhosted.org/packages/77/06/bb80f5f86020c4551da315d78b3ab75e8228f89f0162f2c3a819e407941a/attrs-25.3.0-py3-none-any.whl", hash = "sha256:427318ce031701fea540783410126f03899a97ffc6f61596ad581ac2e40e3bc3", size = 63815 },
]

[[package]]
name = "cattrs"
version = "25.1.1"
source = { registry = "https://pypi.org/simple" }
dependencies = [
    { name = "attrs" },
    { name = "typing-extensions" },
]
sdist = { url = "https://files.pythonhosted.org/packages/57/2b/561d78f488dcc303da4639e02021311728fb7fda8006dd2835550cddd9ed/cattrs-25.1.1.tar.gz", hash = "sha256:c914b734e0f2d59e5b720d145ee010f1fd9a13ee93900922a2f3f9d593b8382c", size = 435016 }
wheels = [
    { url = "https://files.pythonhosted.org/packages/18/b0/215274ef0d835bbc1056392a367646648b6084e39d489099959aefcca2af/cattrs-25.1.1-py3-none-any.whl", hash = "sha256:1b40b2d3402af7be79a7e7e097a9b4cd16d4c06e6d526644b0b26a063a1cc064", size = 69386 },
]

[[package]]
name = "chimera"
version = "0.1.0"
source = { virtual = "." }
dependencies = [
    { name = "llvmlite" },
    { name = "pygls" },
    { name = "sortedcontainers" },
    { name = "tree-sitter" },
    { name = "tree-sitter-chimera" },
    { name = "wasmtime" },
]

[package.metadata]
requires-dist = [
    { name = "llvmlite", specifier = "<0.45.0" },
    { name = "pygls", specifier = ">=2.0.0a2" },
    { name = "sortedcontainers", specifier = ">=2.4.0" },
    { name = "tree-sitter", specifier = ">=0.24.0" },
    { name = "tree-sitter-chimera", git = "https://github.com/l1onsun/tree-sitter-chimera?rev=f5da2e9e729ff1813a0ca77baa93df6e3f89c1f4" },
    { name = "wasmtime", specifier = ">=35.0.0" },
]

[[package]]
name = "importlib-resources"
version = "6.5.2"
source = { registry = "https://pypi.org/simple" }
sdist = { url = "https://files.pythonhosted.org/packages/cf/8c/f834fbf984f691b4f7ff60f50b514cc3de5cc08abfc3295564dd89c5e2e7/importlib_resources-6.5.2.tar.gz", hash = "sha256:185f87adef5bcc288449d98fb4fba07cea78bc036455dd44c5fc4a2fe78fed2c", size = 44693 }
wheels = [
    { url = "https://files.pythonhosted.org/packages/a4/ed/1f1afb2e9e7f38a545d628f864d562a5ae64fe6f7a10e28ffb9b185b4e89/importlib_resources-6.5.2-py3-none-any.whl", hash = "sha256:789cfdc3ed28c78b67a06acb8126751ced69a3d5f79c095a98298cd8a760ccec", size = 37461 },
]

[[package]]
name = "llvmlite"
version = "0.44.0"
source = { registry = "https://pypi.org/simple" }
sdist = { url = "https://files.pythonhosted.org/packages/89/6a/95a3d3610d5c75293d5dbbb2a76480d5d4eeba641557b69fe90af6c5b84e/llvmlite-0.44.0.tar.gz", hash = "sha256:07667d66a5d150abed9157ab6c0b9393c9356f229784a4385c02f99e94fc94d4", size = 171880 }
wheels = [
    { url = "https://files.pythonhosted.org/packages/15/86/e3c3195b92e6e492458f16d233e58a1a812aa2bfbef9bdd0fbafcec85c60/llvmlite-0.44.0-cp312-cp312-macosx_10_14_x86_64.whl", hash = "sha256:1d671a56acf725bf1b531d5ef76b86660a5ab8ef19bb6a46064a705c6ca80aad", size = 28132297 },
    { url = "https://files.pythonhosted.org/packages/d6/53/373b6b8be67b9221d12b24125fd0ec56b1078b660eeae266ec388a6ac9a0/llvmlite-0.44.0-cp312-cp312-macosx_11_0_arm64.whl", hash = "sha256:5f79a728e0435493611c9f405168682bb75ffd1fbe6fc360733b850c80a026db", size = 26201105 },
    { url = "https://files.pythonhosted.org/packages/cb/da/8341fd3056419441286c8e26bf436923021005ece0bff5f41906476ae514/llvmlite-0.44.0-cp312-cp312-manylinux_2_17_x86_64.manylinux2014_x86_64.whl", hash = "sha256:c0143a5ef336da14deaa8ec26c5449ad5b6a2b564df82fcef4be040b9cacfea9", size = 42361901 },
    { url = "https://files.pythonhosted.org/packages/53/ad/d79349dc07b8a395a99153d7ce8b01d6fcdc9f8231355a5df55ded649b61/llvmlite-0.44.0-cp312-cp312-manylinux_2_27_aarch64.manylinux_2_28_aarch64.whl", hash = "sha256:d752f89e31b66db6f8da06df8b39f9b91e78c5feea1bf9e8c1fba1d1c24c065d", size = 41184247 },
    { url = "https://files.pythonhosted.org/packages/e2/3b/a9a17366af80127bd09decbe2a54d8974b6d8b274b39bf47fbaedeec6307/llvmlite-0.44.0-cp312-cp312-win_amd64.whl", hash = "sha256:eae7e2d4ca8f88f89d315b48c6b741dcb925d6a1042da694aa16ab3dd4cbd3a1", size = 30332380 },
    { url = "https://files.pythonhosted.org/packages/89/24/4c0ca705a717514c2092b18476e7a12c74d34d875e05e4d742618ebbf449/llvmlite-0.44.0-cp313-cp313-macosx_10_14_x86_64.whl", hash = "sha256:319bddd44e5f71ae2689859b7203080716448a3cd1128fb144fe5c055219d516", size = 28132306 },
    { url = "https://files.pythonhosted.org/packages/01/cf/1dd5a60ba6aee7122ab9243fd614abcf22f36b0437cbbe1ccf1e3391461c/llvmlite-0.44.0-cp313-cp313-macosx_11_0_arm64.whl", hash = "sha256:9c58867118bad04a0bb22a2e0068c693719658105e40009ffe95c7000fcde88e", size = 26201090 },
    { url = "https://files.pythonhosted.org/packages/d2/1b/656f5a357de7135a3777bd735cc7c9b8f23b4d37465505bd0eaf4be9befe/llvmlite-0.44.0-cp313-cp313-manylinux_2_17_x86_64.manylinux2014_x86_64.whl", hash = "sha256:46224058b13c96af1365290bdfebe9a6264ae62fb79b2b55693deed11657a8bf", size = 42361904 },
    { url = "https://files.pythonhosted.org/packages/d8/e1/12c5f20cb9168fb3464a34310411d5ad86e4163c8ff2d14a2b57e5cc6bac/llvmlite-0.44.0-cp313-cp313-manylinux_2_27_aarch64.manylinux_2_28_aarch64.whl", hash = "sha256:aa0097052c32bf721a4efc03bd109d335dfa57d9bffb3d4c24cc680711b8b4fc", size = 41184245 },
    { url = "https://files.pythonhosted.org/packages/d0/81/e66fc86539293282fd9cb7c9417438e897f369e79ffb62e1ae5e5154d4dd/llvmlite-0.44.0-cp313-cp313-win_amd64.whl", hash = "sha256:2fb7c4f2fb86cbae6dca3db9ab203eeea0e22d73b99bc2341cdf9de93612e930", size = 30331193 },
]

[[package]]
name = "lsprotocol"
version = "2025.0.0"
source = { registry = "https://pypi.org/simple" }
dependencies = [
    { name = "attrs" },
    { name = "cattrs" },
]
sdist = { url = "https://files.pythonhosted.org/packages/e9/26/67b84e6ec1402f0e6764ef3d2a0aaf9a79522cc1d37738f4e5bb0b21521a/lsprotocol-2025.0.0.tar.gz", hash = "sha256:e879da2b9301e82cfc3e60d805630487ac2f7ab17492f4f5ba5aaba94fe56c29", size = 74896 }
wheels = [
    { url = "https://files.pythonhosted.org/packages/7b/f0/92f2d609d6642b5f30cb50a885d2bf1483301c69d5786286500d15651ef2/lsprotocol-2025.0.0-py3-none-any.whl", hash = "sha256:f9d78f25221f2a60eaa4a96d3b4ffae011b107537facee61d3da3313880995c7", size = 76250 },
]

[[package]]
name = "pygls"
version = "2.0.0a6"
source = { registry = "https://pypi.org/simple" }
dependencies = [
    { name = "attrs" },
    { name = "cattrs" },
    { name = "lsprotocol" },
]
sdist = { url = "https://files.pythonhosted.org/packages/0c/42/270542357f5f52e0d7f4951d48b5a39efac6039810b5f9fb3ac9284e5cb8/pygls-2.0.0a6.tar.gz", hash = "sha256:1a94e0252e4bab607690e7dadbe949e1132a1e878325f5ad60c4936506188e49", size = 55930 }
wheels = [
    { url = "https://files.pythonhosted.org/packages/77/3b/8c83173e2afd7cb9b75201188c911b39f0b4dce09a3d0224dfc7f225290e/pygls-2.0.0a6-py3-none-any.whl", hash = "sha256:0a4a5f479a1554f8b493cfc4be5061344ae724f3959c51aedbf8c92174293233", size = 69574 },
]

[[package]]
name = "sortedcontainers"
version = "2.4.0"
source = { registry = "https://pypi.org/simple" }
sdist = { url = "https://files.pythonhosted.org/packages/e8/c4/ba2f8066cceb6f23394729afe52f3bf7adec04bf9ed2c820b39e19299111/sortedcontainers-2.4.0.tar.gz", hash = "sha256:25caa5a06cc30b6b83d11423433f65d1f9d76c4c6a0c90e3379eaa43b9bfdb88", size = 30594 }
wheels = [
    { url = "https://files.pythonhosted.org/packages/32/46/9cb0e58b2deb7f82b84065f37f3bffeb12413f947f9388e4cac22c4621ce/sortedcontainers-2.4.0-py2.py3-none-any.whl", hash = "sha256:a163dcaede0f1c021485e957a39245190e74249897e2ae4b2aa38595db237ee0", size = 29575 },
]

[[package]]
name = "tree-sitter"
version = "0.25.1"
source = { registry = "https://pypi.org/simple" }
sdist = { url = "https://files.pythonhosted.org/packages/89/2b/02a642e67605b9dd59986b00d13a076044dede04025a243f0592ac79d68c/tree-sitter-0.25.1.tar.gz", hash = "sha256:cd761ad0e4d1fc88a4b1b8083bae06d4f973acf6f5f29bbf13ea9609c1dec9c1", size = 177874 }
wheels = [
    { url = "https://files.pythonhosted.org/packages/45/79/6dea0c098879d99f41ba919da1ea46e614fb4bf9c4d591450061aeec6fcb/tree_sitter-0.25.1-cp312-cp312-macosx_10_13_x86_64.whl", hash = "sha256:9362a202144075b54f7c9f07e0b0e44a61eed7ee19e140c506b9e64c1d21ed58", size = 146928 },
    { url = "https://files.pythonhosted.org/packages/15/30/8002f4e76c7834a6101895ff7524ea29ab4f1f1da1270260ef52e2319372/tree_sitter-0.25.1-cp312-cp312-macosx_11_0_arm64.whl", hash = "sha256:593f22529f34dd04de02f56ea6d7c2c8ec99dfab25b58be893247c1090dedd60", size = 140802 },
    { url = "https://files.pythonhosted.org/packages/38/ec/d297ad9d4a4b26f551a5ca49afe48fdbcb20f058c2eff8d8463ad6c0eed1/tree_sitter-0.25.1-cp312-cp312-manylinux2014_aarch64.manylinux_2_17_aarch64.manylinux_2_28_aarch64.whl", hash = "sha256:ebb6849f76e1cbfa223303fa680da533d452e378d5fe372598e4752838ca7929", size = 606762 },
    { url = "https://files.pythonhosted.org/packages/4a/1c/05a623cfb420b10d5f782d4ec064cf00fbfa9c21b8526ca4fd042f80acff/tree_sitter-0.25.1-cp312-cp312-manylinux2014_x86_64.manylinux_2_17_x86_64.manylinux_2_28_x86_64.whl", hash = "sha256:034d4544bb0f82e449033d76dd083b131c3f9ecb5e37d3475f80ae55e8f382bd", size = 634632 },
    { url = "https://files.pythonhosted.org/packages/c5/e0/f05fd5a2331c16d428efb8eef32dfb80dc6565438146e34e9a235ecd7925/tree_sitter-0.25.1-cp312-cp312-musllinux_1_2_x86_64.whl", hash = "sha256:46a9b721560070f2f980105266e28a17d3149485582cdba14d66dca14692e932", size = 630756 },
    { url = "https://files.pythonhosted.org/packages/b2/fc/79f3c5d53d1721b95ab6cda0368192a4f1d367e3a5ff7ac21d77e9841782/tree_sitter-0.25.1-cp312-cp312-win_amd64.whl", hash = "sha256:9a5c522b1350a626dc1cbc5dc203133caeaa114d3f65e400445e8b02f18b343b", size = 127157 },
    { url = "https://files.pythonhosted.org/packages/24/b7/07c4e3f71af0096db6c2ecd83e7d61584e3891c79cb39b208082312d1d60/tree_sitter-0.25.1-cp312-cp312-win_arm64.whl", hash = "sha256:43e7b8e83f9fc29ca62e7d2aa8c38e3fa806ff3fc65e0d501d18588dc1509888", size = 113910 },
    { url = "https://files.pythonhosted.org/packages/3f/d3/bfb08aab9c7daed2715f303cc017329e3512bb77678cc28829681decadd2/tree_sitter-0.25.1-cp313-cp313-macosx_10_13_x86_64.whl", hash = "sha256:ae1eebc175e6a50b38b0e0385cdc26e92ac0bff9b32ee1c0619bbbf6829d57ea", size = 146920 },
    { url = "https://files.pythonhosted.org/packages/f9/36/7f897c50489c38665255579646fca8191e1b9e5a29ac9cf11022e42e1e2b/tree_sitter-0.25.1-cp313-cp313-macosx_11_0_arm64.whl", hash = "sha256:9e0ae03c4f132f1bffb2bc40b1bb28742785507da693ab04da8531fe534ada9c", size = 140782 },
    { url = "https://files.pythonhosted.org/packages/16/e6/85012113899296b8e0789ae94f562d3971d7d3df989e8bec6128749394e1/tree_sitter-0.25.1-cp313-cp313-manylinux2014_aarch64.manylinux_2_17_aarch64.manylinux_2_28_aarch64.whl", hash = "sha256:acf571758be0a71046a61a0936cb815f15b13e0ae7ec6d08398e4aa1560b371d", size = 607590 },
    { url = "https://files.pythonhosted.org/packages/49/93/605b08dc4cf76d08cfacebc30a88467c6526ea5c94592c25240518e38b71/tree_sitter-0.25.1-cp313-cp313-manylinux2014_x86_64.manylinux_2_17_x86_64.manylinux_2_28_x86_64.whl", hash = "sha256:632910847e3f8ae35841f92cba88a9a1b8bc56ecc1514a5affebf7951fa0fc0a", size = 635553 },
    { url = "https://files.pythonhosted.org/packages/ce/27/123667f756bb32168507c940db9040104c606fbb0214397d3c20cf985073/tree_sitter-0.25.1-cp313-cp313-musllinux_1_2_x86_64.whl", hash = "sha256:a99ecef7771afb118b2a8435c8ba67ea7a085c60d5d33dc0a4794ed882e5f7df", size = 630844 },
    { url = "https://files.pythonhosted.org/packages/2f/53/180b0ed74153a3c9a23967f54774d5930c2e0b67671ae4ca0d4d35ba18ac/tree_sitter-0.25.1-cp313-cp313-win_amd64.whl", hash = "sha256:c1d6393454d1f9d4195c74e40a487640cd4390cd4aee90837485f932a1a0f40c", size = 127159 },
    { url = "https://files.pythonhosted.org/packages/32/fb/b8b7b5122ac4a80cd689a5023f2416910e10f9534ace1cdf0020a315d40d/tree_sitter-0.25.1-cp313-cp313-win_arm64.whl", hash = "sha256:c1d2dbf7d12426b71ff49739f599c355f4de338a5c0ab994de2a1d290f6e0b20", size = 113920 },
    { url = "https://files.pythonhosted.org/packages/70/8c/cb851da552baf4215baf96443e5e9e39095083a95bc05c4444e640fe0fe8/tree_sitter-0.25.1-cp314-cp314-macosx_10_13_x86_64.whl", hash = "sha256:32cee52264d9ecf98885fcac0185ac63e16251b31dd8b4a3b8d8071173405f8f", size = 146775 },
    { url = "https://files.pythonhosted.org/packages/f3/59/002c89df1e8f1664b82023e5d0c06de97fff5c2a2e33dce1a241c8909758/tree_sitter-0.25.1-cp314-cp314-macosx_11_0_arm64.whl", hash = "sha256:ae024d8ccfef51e61c44a81af7a48670601430701c24f450bea10f4b4effd8d1", size = 140787 },
    { url = "https://files.pythonhosted.org/packages/39/48/c9e6deb88f3c7f16963ef205e5b8e3ea7f5effd048b4515d09738c7b032b/tree_sitter-0.25.1-cp314-cp314-manylinux2014_aarch64.manylinux_2_17_aarch64.manylinux_2_28_aarch64.whl", hash = "sha256:d025c56c393cea660df9ef33ca60329952a1f8ee6212d21b2b390dfec08a3874", size = 609173 },
    { url = "https://files.pythonhosted.org/packages/53/a8/b782576d7ea081a87285d974005155da03b6d0c66283fe1e3a5e0dd4bd98/tree_sitter-0.25.1-cp314-cp314-manylinux2014_x86_64.manylinux_2_17_x86_64.manylinux_2_28_x86_64.whl", hash = "sha256:044aa23ea14f337809821bea7467f33f4c6d351739dca76ba0cbe4d0154d8662", size = 635994 },
    { url = "https://files.pythonhosted.org/packages/70/0a/c5b6c9cdb7bd4bf0c3d2bd494fcf356acc53f8e63007dc2a836d95bbe964/tree_sitter-0.25.1-cp314-cp314-musllinux_1_2_x86_64.whl", hash = "sha256:1863d96704eb002df4ad3b738294ae8bd5dcf8cefb715da18bff6cb2d33d978e", size = 630944 },
    { url = "https://files.pythonhosted.org/packages/12/2a/d0b097157c2d487f5e6293dae2c106ec9ede792a6bb780249e81432e754d/tree_sitter-0.25.1-cp314-cp314-win_amd64.whl", hash = "sha256:a40a481e28e1afdbc455932d61e49ffd4163aafa83f4a3deb717524a7786197e", size = 130831 },
    { url = "https://files.pythonhosted.org/packages/ce/33/3591e7b22dd49f46ae4fdee1db316ecefd0486cae880c5b497a55f0ccb24/tree_sitter-0.25.1-cp314-cp314-win_arm64.whl", hash = "sha256:f7b68f584336b39b2deab9896b629dddc3c784170733d3409f01fe825e9c04eb", size = 117376 },
]

[[package]]
name = "tree-sitter-chimera"
version = "0.1.1"
source = { git = "https://github.com/l1onsun/tree-sitter-chimera?rev=f5da2e9e729ff1813a0ca77baa93df6e3f89c1f4#f5da2e9e729ff1813a0ca77baa93df6e3f89c1f4" }

[[package]]
name = "typing-extensions"
version = "4.15.0"
source = { registry = "https://pypi.org/simple" }
sdist = { url = "https://files.pythonhosted.org/packages/72/94/1a15dd82efb362ac84269196e94cf00f187f7ed21c242792a923cdb1c61f/typing_extensions-4.15.0.tar.gz", hash = "sha256:0cea48d173cc12fa28ecabc3b837ea3cf6f38c6d1136f85cbaaf598984861466", size = 109391 }
wheels = [
    { url = "https://files.pythonhosted.org/packages/18/67/36e9267722cc04a6b9f15c7f3441c2363321a3ea07da7ae0c0707beb2a9c/typing_extensions-4.15.0-py3-none-any.whl", hash = "sha256:f0fa19c6845758ab08074a0cfa8b7aecb71c999ca73d62883bc25cc018c4e548", size = 44614 },
]

[[package]]
name = "wasmtime"
version = "36.0.0"
source = { registry = "https://pypi.org/simple" }
dependencies = [
    { name = "importlib-resources" },
]
sdist = { url = "https://files.pythonhosted.org/packages/6b/68/231035f96ba0798c0088b1ab0aa59403f5ec6b2fde2cbd5930d95acad7ff/wasmtime-36.0.0.tar.gz", hash = "sha256:e0523be4b2ebb1344a387fb4ce054a62acbcbc19671a7e7eeb166355d2f3004c", size = 147386 }
wheels = [
    { url = "https://files.pythonhosted.org/packages/7a/3b/33fccbb066bcc84f195d0f6c6b4e038f4df8bf9596d24478fa143a7e4f27/wasmtime-36.0.0-py3-none-android_26_arm64_v8a.whl", hash = "sha256:eab97e2a54fcfd074dcbddf38d7397a0411914802e072f4fd30ed41c2a5604fe", size = 8649185 },
    { url = "https://files.pythonhosted.org/packages/12/a9/60bdd9fe50daba4562b4d11e8cd156e7774ccc69fc87f1cd47ec3bd5aca3/wasmtime-36.0.0-py3-none-android_26_x86_64.whl", hash = "sha256:72c2186c11b255ea8c6874320973712eceb384f5d68594de4348e2a169437af0", size = 9366812 },
    { url = "https://files.pythonhosted.org/packages/a4/85/5654a332a7f51108a672898414c2009cf362b268b514bae02b3f106c02b2/wasmtime-36.0.0-py3-none-any.whl", hash = "sha256:d1e41c3f832752982aced040168b4cea1144c39a5ed43882791b2e2975145ee3", size = 7588263 },
    { url = "https://files.pythonhosted.org/packages/9f/65/abf6a435bba624b005d5d6ea3fb9285be662aa3ac7a80f97aeb29b1e1d60/wasmtime-36.0.0-py3-none-macosx_10_13_x86_64.whl", hash = "sha256:a8ff3bf20f84f3f092ef7bf216afa2706e496ef3e190fb90b88b13b9529ed035", size = 9006605 },
    { url = "https://files.pythonhosted.org/packages/b4/52/297b9982b135e43ef060f899227aa5e0b3798198f17ee1e0f806bd247fcc/wasmtime-36.0.0-py3-none-macosx_11_0_arm64.whl", hash = "sha256:6396ca0178ceffb17464e3cf2b4beae0e0b1da5c95aa5d27ff094f2a7f41106e", size = 7881396 },
    { url = "https://files.pythonhosted.org/packages/b1/63/cc69b41d6db6522adfc79627e7b9ad83d44797d525aae2a53f62d47d6e3e/wasmtime-36.0.0-py3-none-manylinux1_x86_64.whl", hash = "sha256:bca67a384a64a5d9164ebc48c106862881a6d2af67d0740ed29cc50847cbe6f5", size = 9691244 },
    { url = "https://files.pythonhosted.org/packages/9b/fa/d8a27f073757bd2261455017c9c28f1d7343468931048f35c3f23a4f1b83/wasmtime-36.0.0-py3-none-manylinux2014_aarch64.whl", hash = "sha256:cd6f69bb744096b9bcca17863c463a96d08af86db1ccc0d74206a33892fac887", size = 8666149 },
    { url = "https://files.pythonhosted.org/packages/9d/49/70f70d13dedc783b5894ab1f11bd696f0f1c0e8faabc6ae422ce5eb91a67/wasmtime-36.0.0-py3-none-musllinux_1_2_x86_64.whl", hash = "sha256:5ea87199a35616848e20060f3cc00c22d4b2a919fd72bdea4c62b6503ac2bccc", size = 9689298 },
    { url = "https://files.pythonhosted.org/packages/ba/7d/0b45d172feba7488e67bf85f8f4254dd8c1dc99d6c1a3b9aa410f7a2d907/wasmtime-36.0.0-py3-none-win_amd64.whl", hash = "sha256:1e826960c02cbcf74cb91de41b63ff55ad6c9260e684fd4c315736b607642934", size = 7588270 },
    { url = "https://files.pythonhosted.org/packages/cf/d5/6b59a7f194940e6cdece2516e46f919c006e639a85854dd548799e3d884f/wasmtime-36.0.0-py3-none-win_arm64.whl", hash = "sha256:de932f23d257917652358093226315aeed21a262fdc124fff3486d5dfa62b40b", size = 6604726 },
]
